
Microsoft Visual Studio Solution File, Format Version 12.00
# Visual Studio Version 16
VisualStudioVersion = 16.0.30011.22
MinimumVisualStudioVersion = 10.0.40219.1
Project("{FAE04EC0-301F-11D3-BF4B-00C04F79EFBC}") = "Ham", "Ham\Ham.csproj", "{B8DA1CC3-8347-400D-858E-23BB22A20C07}"
EndProject
Project("{FAE04EC0-301F-11D3-BF4B-00C04F79EFBC}") = "Ham.Lib", "Ham.Lib\Ham.Lib.csproj", "{B3576716-E82C-4F31-AA0B-66D3F8829DE5}"
EndProject
Project("{FAE04EC0-301F-11D3-BF4B-00C04F79EFBC}") = "HamAPI", "HamAPI\HamAPI.csproj", "{01220E6C-651B-4F1D-874B-099F89DA8B0D}"
EndProject
Global
	GlobalSection(SolutionConfigurationPlatforms) = preSolution
		Debug|Any CPU = Debug|Any CPU
		Release|Any CPU = Release|Any CPU
	EndGlobalSection
	GlobalSection(ProjectConfigurationPlatforms) = postSolution
		{B8DA1CC3-8347-400D-858E-23BB22A20C07}.Debug|Any CPU.ActiveCfg = Debug|Any CPU
		{B8DA1CC3-8347-400D-858E-23BB22A20C07}.Debug|Any CPU.Build.0 = Debug|Any CPU
		{B8DA1CC3-8347-400D-858E-23BB22A20C07}.Release|Any CPU.ActiveCfg = Release|Any CPU
		{B8DA1CC3-8347-400D-858E-23BB22A20C07}.Release|Any CPU.Build.0 = Release|Any CPU
		{B3576716-E82C-4F31-AA0B-66D3F8829DE5}.Debug|Any CPU.ActiveCfg = Debug|Any CPU
		{B3576716-E82C-4F31-AA0B-66D3F8829DE5}.Debug|Any CPU.Build.0 = Debug|Any CPU
		{B3576716-E82C-4F31-AA0B-66D3F8829DE5}.Release|Any CPU.ActiveCfg = Release|Any CPU
		{B3576716-E82C-4F31-AA0B-66D3F8829DE5}.Release|Any CPU.Build.0 = Release|Any CPU
		{01220E6C-651B-4F1D-874B-099F89DA8B0D}.Debug|Any CPU.ActiveCfg = Debug|Any CPU
		{01220E6C-651B-4F1D-874B-099F89DA8B0D}.Debug|Any CPU.Build.0 = Debug|Any CPU
		{01220E6C-651B-4F1D-874B-099F89DA8B0D}.Release|Any CPU.ActiveCfg = Release|Any CPU
		{01220E6C-651B-4F1D-874B-099F89DA8B0D}.Release|Any CPU.Build.0 = Release|Any CPU
	EndGlobalSection
	GlobalSection(SolutionProperties) = preSolution
		HideSolutionNode = FALSE
	EndGlobalSection
	GlobalSection(ExtensibilityGlobals) = postSolution
		SolutionGuid = {2C26CB17-788C-4E8E-B763-E15C5A305874}
	EndGlobalSection
EndGlobal
